
Microsoft Visual Studio Solution File, Format Version 12.00
# Visual Studio Version 17
VisualStudioVersion = 17.10.35013.160
MinimumVisualStudioVersion = 10.0.40219.1
Project("{FAE04EC0-301F-11D3-BF4B-00C04F79EFBC}") = "SweetDictionaryBlogSite.Models", "SweetDictionaryBlogSite.Models\SweetDictionaryBlogSite.Models.csproj", "{8A15AEF4-EBEA-48DE-9D34-7C7405B1E5EB}"
EndProject
Project("{FAE04EC0-301F-11D3-BF4B-00C04F79EFBC}") = "SweetDictionaryBlogSite.Repository", "SweetDictionaryBlogSite.Repository\SweetDictionaryBlogSite.Repository.csproj", "{94008D85-FD06-4A8F-81F3-E73A1570234B}"
EndProject
Project("{FAE04EC0-301F-11D3-BF4B-00C04F79EFBC}") = "SweetDictionaryBlogSite.Service", "SweetDictionaryBlogSite.Service\SweetDictionaryBlogSite.Service.csproj", "{9A3936EC-2691-412C-AF88-B5AF09BFF91F}"
EndProject
Project("{FAE04EC0-301F-11D3-BF4B-00C04F79EFBC}") = "SweetDictionaryBlogSite.WebApi", "SweetDictionaryBlogSite.WebApi\SweetDictionaryBlogSite.WebApi.csproj", "{04FF37A6-EDFE-445B-829C-33ECA08C6A05}"
EndProject
Project("{FAE04EC0-301F-11D3-BF4B-00C04F79EFBC}") = "Core", "Core\Core.csproj", "{9ACFAD7A-6387-4970-9E2F-FAFBD4AD82F1}"
EndProject
Global
	GlobalSection(SolutionConfigurationPlatforms) = preSolution
		Debug|Any CPU = Debug|Any CPU
		Release|Any CPU = Release|Any CPU
	EndGlobalSection
	GlobalSection(ProjectConfigurationPlatforms) = postSolution
		{8A15AEF4-EBEA-48DE-9D34-7C7405B1E5EB}.Debug|Any CPU.ActiveCfg = Debug|Any CPU
		{8A15AEF4-EBEA-48DE-9D34-7C7405B1E5EB}.Debug|Any CPU.Build.0 = Debug|Any CPU
		{8A15AEF4-EBEA-48DE-9D34-7C7405B1E5EB}.Release|Any CPU.ActiveCfg = Release|Any CPU
		{8A15AEF4-EBEA-48DE-9D34-7C7405B1E5EB}.Release|Any CPU.Build.0 = Release|Any CPU
		{94008D85-FD06-4A8F-81F3-E73A1570234B}.Debug|Any CPU.ActiveCfg = Debug|Any CPU
		{94008D85-FD06-4A8F-81F3-E73A1570234B}.Debug|Any CPU.Build.0 = Debug|Any CPU
		{94008D85-FD06-4A8F-81F3-E73A1570234B}.Release|Any CPU.ActiveCfg = Release|Any CPU
		{94008D85-FD06-4A8F-81F3-E73A1570234B}.Release|Any CPU.Build.0 = Release|Any CPU
		{9A3936EC-2691-412C-AF88-B5AF09BFF91F}.Debug|Any CPU.ActiveCfg = Debug|Any CPU
		{9A3936EC-2691-412C-AF88-B5AF09BFF91F}.Debug|Any CPU.Build.0 = Debug|Any CPU
		{9A3936EC-2691-412C-AF88-B5AF09BFF91F}.Release|Any CPU.ActiveCfg = Release|Any CPU
		{9A3936EC-2691-412C-AF88-B5AF09BFF91F}.Release|Any CPU.Build.0 = Release|Any CPU
		{04FF37A6-EDFE-445B-829C-33ECA08C6A05}.Debug|Any CPU.ActiveCfg = Debug|Any CPU
		{04FF37A6-EDFE-445B-829C-33ECA08C6A05}.Debug|Any CPU.Build.0 = Debug|Any CPU
		{04FF37A6-EDFE-445B-829C-33ECA08C6A05}.Release|Any CPU.ActiveCfg = Release|Any CPU
		{04FF37A6-EDFE-445B-829C-33ECA08C6A05}.Release|Any CPU.Build.0 = Release|Any CPU
		{9ACFAD7A-6387-4970-9E2F-FAFBD4AD82F1}.Debug|Any CPU.ActiveCfg = Debug|Any CPU
		{9ACFAD7A-6387-4970-9E2F-FAFBD4AD82F1}.Debug|Any CPU.Build.0 = Debug|Any CPU
		{9ACFAD7A-6387-4970-9E2F-FAFBD4AD82F1}.Release|Any CPU.ActiveCfg = Release|Any CPU
		{9ACFAD7A-6387-4970-9E2F-FAFBD4AD82F1}.Release|Any CPU.Build.0 = Release|Any CPU
	EndGlobalSection
	GlobalSection(SolutionProperties) = preSolution
		HideSolutionNode = FALSE
	EndGlobalSection
	GlobalSection(ExtensibilityGlobals) = postSolution
		SolutionGuid = {1CE29AC5-DE02-4204-92BC-6FB264504B12}
	EndGlobalSection
EndGlobal
